
Microsoft Visual Studio Solution File, Format Version 12.00
Project("{FAE04EC0-301F-11D3-BF4B-00C04F79EFBC}") = "DomainUpdate", "DomainUpdate\DomainUpdate.csproj", "{7965E48F-BEA0-4410-80B2-83E3E8FACD21}"
EndProject
Global
	GlobalSection(SolutionConfigurationPlatforms) = preSolution
		Debug|Any CPU = Debug|Any CPU
		Release|Any CPU = Release|Any CPU
	EndGlobalSection
	GlobalSection(ProjectConfigurationPlatforms) = postSolution
		{7965E48F-BEA0-4410-80B2-83E3E8FACD21}.Debug|Any CPU.ActiveCfg = Debug|Any CPU
		{7965E48F-BEA0-4410-80B2-83E3E8FACD21}.Debug|Any CPU.Build.0 = Debug|Any CPU
		{7965E48F-BEA0-4410-80B2-83E3E8FACD21}.Release|Any CPU.ActiveCfg = Release|Any CPU
		{7965E48F-BEA0-4410-80B2-83E3E8FACD21}.Release|Any CPU.Build.0 = Release|Any CPU
	EndGlobalSection
EndGlobal
